
Microsoft Visual Studio Solution File, Format Version 12.00
# Visual Studio Version 16
VisualStudioVersion = 16.0.32002.261
MinimumVisualStudioVersion = 10.0.40219.1
Project("{FAE04EC0-301F-11D3-BF4B-00C04F79EFBC}") = "AesOperation_Form", "AesOperation_Form\AesOperation_Form.csproj", "{0387A478-D739-4068-AA81-D48E2245C9F9}"
EndProject
Global
	GlobalSection(SolutionConfigurationPlatforms) = preSolution
		Debug|Any CPU = Debug|Any CPU
		Release|Any CPU = Release|Any CPU
	EndGlobalSection
	GlobalSection(ProjectConfigurationPlatforms) = postSolution
		{0387A478-D739-4068-AA81-D48E2245C9F9}.Debug|Any CPU.ActiveCfg = Debug|Any CPU
		{0387A478-D739-4068-AA81-D48E2245C9F9}.Debug|Any CPU.Build.0 = Debug|Any CPU
		{0387A478-D739-4068-AA81-D48E2245C9F9}.Release|Any CPU.ActiveCfg = Release|Any CPU
		{0387A478-D739-4068-AA81-D48E2245C9F9}.Release|Any CPU.Build.0 = Release|Any CPU
	EndGlobalSection
	GlobalSection(SolutionProperties) = preSolution
		HideSolutionNode = FALSE
	EndGlobalSection
	GlobalSection(ExtensibilityGlobals) = postSolution
		SolutionGuid = {FFB35525-B24A-4997-AAF2-3869ACDA44D9}
	EndGlobalSection
EndGlobal
